
Microsoft Visual Studio Solution File, Format Version 12.00
# Visual Studio 14
VisualStudioVersion = 14.0.24720.0
MinimumVisualStudioVersion = 10.0.40219.1
Project("{FAE04EC0-301F-11D3-BF4B-00C04F79EFBC}") = "Warhammer.Core", "Warhammer.Core\Warhammer.Core.csproj", "{903E12BF-CA1B-4C80-95D5-3690B0FA03A8}"
EndProject
Project("{FAE04EC0-301F-11D3-BF4B-00C04F79EFBC}") = "Warhammer.Mvc", "Warhammer.Mvc\Warhammer.Mvc.csproj", "{DE90938D-60C0-41A7-9459-66444B778518}"
EndProject
Project("{2150E333-8FDC-42A3-9474-1A3956D46DE8}") = "Solution Items", "Solution Items", "{8CFAF995-3411-422B-810E-011C4B5C1118}"
	ProjectSection(SolutionItems) = preProject
		Warhammer.sln.DotSettings = Warhammer.sln.DotSettings
		WebEssentials-Settings.json = WebEssentials-Settings.json
		WebEssentials2015-Settings.json = WebEssentials2015-Settings.json
	EndProjectSection
EndProject
Project("{FAE04EC0-301F-11D3-BF4B-00C04F79EFBC}") = "Warhammer.Tests", "Warhammer.Tests.Smoke\Warhammer.Tests.csproj", "{3A0F437D-D50F-45C1-81C2-817680099DF0}"
EndProject
Global
	GlobalSection(SolutionConfigurationPlatforms) = preSolution
		Debug|Any CPU = Debug|Any CPU
		FATE|Any CPU = FATE|Any CPU
		MURRAY|Any CPU = MURRAY|Any CPU
		PIRATE|Any CPU = PIRATE|Any CPU
		Release|Any CPU = Release|Any CPU
		SPACE|Any CPU = SPACE|Any CPU
		WADE|Any CPU = WADE|Any CPU
	EndGlobalSection
	GlobalSection(ProjectConfigurationPlatforms) = postSolution
		{903E12BF-CA1B-4C80-95D5-3690B0FA03A8}.Debug|Any CPU.ActiveCfg = Debug|Any CPU
		{903E12BF-CA1B-4C80-95D5-3690B0FA03A8}.Debug|Any CPU.Build.0 = Debug|Any CPU
		{903E12BF-CA1B-4C80-95D5-3690B0FA03A8}.FATE|Any CPU.ActiveCfg = FATE|Any CPU
		{903E12BF-CA1B-4C80-95D5-3690B0FA03A8}.FATE|Any CPU.Build.0 = FATE|Any CPU
		{903E12BF-CA1B-4C80-95D5-3690B0FA03A8}.MURRAY|Any CPU.ActiveCfg = MURRAY|Any CPU
		{903E12BF-CA1B-4C80-95D5-3690B0FA03A8}.MURRAY|Any CPU.Build.0 = MURRAY|Any CPU
		{903E12BF-CA1B-4C80-95D5-3690B0FA03A8}.PIRATE|Any CPU.ActiveCfg = PIRATE|Any CPU
		{903E12BF-CA1B-4C80-95D5-3690B0FA03A8}.PIRATE|Any CPU.Build.0 = PIRATE|Any CPU
		{903E12BF-CA1B-4C80-95D5-3690B0FA03A8}.Release|Any CPU.ActiveCfg = Release|Any CPU
		{903E12BF-CA1B-4C80-95D5-3690B0FA03A8}.Release|Any CPU.Build.0 = Release|Any CPU
		{903E12BF-CA1B-4C80-95D5-3690B0FA03A8}.SPACE|Any CPU.ActiveCfg = SPACE|Any CPU
		{903E12BF-CA1B-4C80-95D5-3690B0FA03A8}.SPACE|Any CPU.Build.0 = SPACE|Any CPU
		{903E12BF-CA1B-4C80-95D5-3690B0FA03A8}.WADE|Any CPU.ActiveCfg = WADE|Any CPU
		{903E12BF-CA1B-4C80-95D5-3690B0FA03A8}.WADE|Any CPU.Build.0 = WADE|Any CPU
		{DE90938D-60C0-41A7-9459-66444B778518}.Debug|Any CPU.ActiveCfg = Debug|Any CPU
		{DE90938D-60C0-41A7-9459-66444B778518}.Debug|Any CPU.Build.0 = Debug|Any CPU
		{DE90938D-60C0-41A7-9459-66444B778518}.FATE|Any CPU.ActiveCfg = FATE|Any CPU
		{DE90938D-60C0-41A7-9459-66444B778518}.FATE|Any CPU.Build.0 = FATE|Any CPU
		{DE90938D-60C0-41A7-9459-66444B778518}.MURRAY|Any CPU.ActiveCfg = MURRAY|Any CPU
		{DE90938D-60C0-41A7-9459-66444B778518}.MURRAY|Any CPU.Build.0 = MURRAY|Any CPU
		{DE90938D-60C0-41A7-9459-66444B778518}.PIRATE|Any CPU.ActiveCfg = PIRATE|Any CPU
		{DE90938D-60C0-41A7-9459-66444B778518}.PIRATE|Any CPU.Build.0 = PIRATE|Any CPU
		{DE90938D-60C0-41A7-9459-66444B778518}.Release|Any CPU.ActiveCfg = Release|Any CPU
		{DE90938D-60C0-41A7-9459-66444B778518}.Release|Any CPU.Build.0 = Release|Any CPU
		{DE90938D-60C0-41A7-9459-66444B778518}.SPACE|Any CPU.ActiveCfg = SPACE|Any CPU
		{DE90938D-60C0-41A7-9459-66444B778518}.SPACE|Any CPU.Build.0 = SPACE|Any CPU
		{DE90938D-60C0-41A7-9459-66444B778518}.WADE|Any CPU.ActiveCfg = WADE|Any CPU
		{DE90938D-60C0-41A7-9459-66444B778518}.WADE|Any CPU.Build.0 = WADE|Any CPU
		{3A0F437D-D50F-45C1-81C2-817680099DF0}.Debug|Any CPU.ActiveCfg = Debug|Any CPU
		{3A0F437D-D50F-45C1-81C2-817680099DF0}.Debug|Any CPU.Build.0 = Debug|Any CPU
		{3A0F437D-D50F-45C1-81C2-817680099DF0}.FATE|Any CPU.ActiveCfg = FATE|Any CPU
		{3A0F437D-D50F-45C1-81C2-817680099DF0}.FATE|Any CPU.Build.0 = FATE|Any CPU
		{3A0F437D-D50F-45C1-81C2-817680099DF0}.MURRAY|Any CPU.ActiveCfg = MURRAY|Any CPU
		{3A0F437D-D50F-45C1-81C2-817680099DF0}.MURRAY|Any CPU.Build.0 = MURRAY|Any CPU
		{3A0F437D-D50F-45C1-81C2-817680099DF0}.PIRATE|Any CPU.ActiveCfg = PIRATE|Any CPU
		{3A0F437D-D50F-45C1-81C2-817680099DF0}.PIRATE|Any CPU.Build.0 = PIRATE|Any CPU
		{3A0F437D-D50F-45C1-81C2-817680099DF0}.Release|Any CPU.ActiveCfg = Release|Any CPU
		{3A0F437D-D50F-45C1-81C2-817680099DF0}.Release|Any CPU.Build.0 = Release|Any CPU
		{3A0F437D-D50F-45C1-81C2-817680099DF0}.SPACE|Any CPU.ActiveCfg = SPACE|Any CPU
		{3A0F437D-D50F-45C1-81C2-817680099DF0}.SPACE|Any CPU.Build.0 = SPACE|Any CPU
		{3A0F437D-D50F-45C1-81C2-817680099DF0}.WADE|Any CPU.ActiveCfg = WADE|Any CPU
		{3A0F437D-D50F-45C1-81C2-817680099DF0}.WADE|Any CPU.Build.0 = WADE|Any CPU
	EndGlobalSection
	GlobalSection(SolutionProperties) = preSolution
		HideSolutionNode = FALSE
	EndGlobalSection
EndGlobal
